
Microsoft Visual Studio Solution File, Format Version 12.00
# Visual Studio Version 16
VisualStudioVersion = 16.0.32106.194
MinimumVisualStudioVersion = 10.0.40219.1
Project("{FAE04EC0-301F-11D3-BF4B-00C04F79EFBC}") = "Day6", "Day6\Day6.csproj", "{C8435C16-CC93-4568-AD2B-D5D87826A7AA}"
EndProject
Global
	GlobalSection(SolutionConfigurationPlatforms) = preSolution
		Debug|Any CPU = Debug|Any CPU
		Release|Any CPU = Release|Any CPU
	EndGlobalSection
	GlobalSection(ProjectConfigurationPlatforms) = postSolution
		{C8435C16-CC93-4568-AD2B-D5D87826A7AA}.Debug|Any CPU.ActiveCfg = Debug|Any CPU
		{C8435C16-CC93-4568-AD2B-D5D87826A7AA}.Debug|Any CPU.Build.0 = Debug|Any CPU
		{C8435C16-CC93-4568-AD2B-D5D87826A7AA}.Release|Any CPU.ActiveCfg = Release|Any CPU
		{C8435C16-CC93-4568-AD2B-D5D87826A7AA}.Release|Any CPU.Build.0 = Release|Any CPU
	EndGlobalSection
	GlobalSection(SolutionProperties) = preSolution
		HideSolutionNode = FALSE
	EndGlobalSection
	GlobalSection(ExtensibilityGlobals) = postSolution
		SolutionGuid = {927E49F2-6CB2-4C6B-A612-C1445B81781C}
	EndGlobalSection
EndGlobal
