
Microsoft Visual Studio Solution File, Format Version 12.00
# Visual Studio Version 17
VisualStudioVersion = 17.0.32112.339
MinimumVisualStudioVersion = 10.0.40219.1
Project("{FAE04EC0-301F-11D3-BF4B-00C04F79EFBC}") = "MSKTraining", "MSKTraining.csproj", "{D069480E-E2A5-4C5F-8F4B-99CE4B9A3F27}"
EndProject
Global
	GlobalSection(SolutionConfigurationPlatforms) = preSolution
		Debug|Any CPU = Debug|Any CPU
		Release|Any CPU = Release|Any CPU
	EndGlobalSection
	GlobalSection(ProjectConfigurationPlatforms) = postSolution
		{D069480E-E2A5-4C5F-8F4B-99CE4B9A3F27}.Debug|Any CPU.ActiveCfg = Debug|Any CPU
		{D069480E-E2A5-4C5F-8F4B-99CE4B9A3F27}.Debug|Any CPU.Build.0 = Debug|Any CPU
		{D069480E-E2A5-4C5F-8F4B-99CE4B9A3F27}.Release|Any CPU.ActiveCfg = Release|Any CPU
		{D069480E-E2A5-4C5F-8F4B-99CE4B9A3F27}.Release|Any CPU.Build.0 = Release|Any CPU
	EndGlobalSection
	GlobalSection(SolutionProperties) = preSolution
		HideSolutionNode = FALSE
	EndGlobalSection
	GlobalSection(ExtensibilityGlobals) = postSolution
		SolutionGuid = {0B6AF57C-BA03-4DE6-8D89-C5A2F7BE716F}
	EndGlobalSection
EndGlobal
