
Microsoft Visual Studio Solution File, Format Version 12.00
# Visual Studio Version 16
VisualStudioVersion = 16.0.32106.194
MinimumVisualStudioVersion = 10.0.40219.1
Project("{FAE04EC0-301F-11D3-BF4B-00C04F79EFBC}") = "Day8", "Day8\Day8.csproj", "{2B944EE0-12B5-44F6-8CED-75F539A5258C}"
EndProject
Global
	GlobalSection(SolutionConfigurationPlatforms) = preSolution
		Debug|Any CPU = Debug|Any CPU
		Release|Any CPU = Release|Any CPU
	EndGlobalSection
	GlobalSection(ProjectConfigurationPlatforms) = postSolution
		{2B944EE0-12B5-44F6-8CED-75F539A5258C}.Debug|Any CPU.ActiveCfg = Debug|Any CPU
		{2B944EE0-12B5-44F6-8CED-75F539A5258C}.Debug|Any CPU.Build.0 = Debug|Any CPU
		{2B944EE0-12B5-44F6-8CED-75F539A5258C}.Release|Any CPU.ActiveCfg = Release|Any CPU
		{2B944EE0-12B5-44F6-8CED-75F539A5258C}.Release|Any CPU.Build.0 = Release|Any CPU
	EndGlobalSection
	GlobalSection(SolutionProperties) = preSolution
		HideSolutionNode = FALSE
	EndGlobalSection
	GlobalSection(ExtensibilityGlobals) = postSolution
		SolutionGuid = {2BCE4463-414D-4385-B983-CFF0045A2D85}
	EndGlobalSection
EndGlobal
